
Microsoft Visual Studio Solution File, Format Version 12.00
# Visual Studio Version 17
VisualStudioVersion = 17.10.34928.147
MinimumVisualStudioVersion = 10.0.40219.1
Project("{9A19103F-16F7-4668-BE54-9A1E7A4F7556}") = "Faura.Grpc", "Faura.Grpc.csproj", "{31D599B8-9C10-410E-9ACD-0F2201C2BD4E}"
EndProject
Global
	GlobalSection(SolutionConfigurationPlatforms) = preSolution
		Debug|Any CPU = Debug|Any CPU
		Release|Any CPU = Release|Any CPU
	EndGlobalSection
	GlobalSection(ProjectConfigurationPlatforms) = postSolution
		{31D599B8-9C10-410E-9ACD-0F2201C2BD4E}.Debug|Any CPU.ActiveCfg = Debug|Any CPU
		{31D599B8-9C10-410E-9ACD-0F2201C2BD4E}.Debug|Any CPU.Build.0 = Debug|Any CPU
		{31D599B8-9C10-410E-9ACD-0F2201C2BD4E}.Release|Any CPU.ActiveCfg = Release|Any CPU
		{31D599B8-9C10-410E-9ACD-0F2201C2BD4E}.Release|Any CPU.Build.0 = Release|Any CPU
	EndGlobalSection
	GlobalSection(SolutionProperties) = preSolution
		HideSolutionNode = FALSE
	EndGlobalSection
	GlobalSection(ExtensibilityGlobals) = postSolution
		SolutionGuid = {B8D4E9F2-0A5C-47D3-9B6E-2F3A5B6C7D8E}
	EndGlobalSection
EndGlobal
