
Microsoft Visual Studio Solution File, Format Version 12.00
# Visual Studio Version 17
VisualStudioVersion = 17.10.34928.147
MinimumVisualStudioVersion = 10.0.40219.1
Project("{9A19103F-16F7-4668-BE54-9A1E7A4F7556}") = "Faura.Infrastructure.Logger", "Modules\Faura.Infrastructure.Logger\Faura.Infrastructure.Logger.csproj", "{F0757E5C-ACCD-44DD-B755-64CAFE654A7A}"
EndProject
Project("{2150E333-8FDC-42A3-9474-1A3956D46DE8}") = "Modules", "Modules", "{420A3EFF-9247-407D-B58F-EC8144EB14F4}"
EndProject
Project("{9A19103F-16F7-4668-BE54-9A1E7A4F7556}") = "Faura.Infrastructure.Common", "Modules\Faura.Infrastructure.Common\Faura.Infrastructure.Common.csproj", "{8146A031-8E30-4F0F-940E-F77795C208F8}"
EndProject
Project("{2150E333-8FDC-42A3-9474-1A3956D46DE8}") = "Templates", "Templates", "{0C2B5D2F-B5EE-48E0-ACEE-A064E0232A26}"
EndProject
Project("{9A19103F-16F7-4668-BE54-9A1E7A4F7556}") = "Faura.Infrastructure.Result", "Modules\Faura.Infrastructure.Result\Faura.Infrastructure.Result.csproj", "{1F34C695-2396-428D-87EF-7D3FDD9BD8C2}"
EndProject
Project("{9A19103F-16F7-4668-BE54-9A1E7A4F7556}") = "Faura.WebAPI", "Templates\Faura.WebAPI\Faura.WebAPI.csproj", "{2B690895-0614-4013-85D8-7FC47B956C26}"
EndProject
Project("{9A19103F-16F7-4668-BE54-9A1E7A4F7556}") = "Faura.Infrastructure.UnitOfWork", "Modules\Faura.Infrastructure.UnitOfWork\Faura.Infrastructure.UnitOfWork.csproj", "{F749C616-5B16-4A0B-9F88-D08BEAA5F27B}"
EndProject
Project("{FAE04EC0-301F-11D3-BF4B-00C04F79EFBC}") = "Faura.Infrastructure.JWT", "Modules\Faura.Infrastructure.JWT\Faura.Infrastructure.JWT.csproj", "{CE7C267E-97CF-4C7F-A5D0-B8AFC30C6130}"
EndProject
Project("{FAE04EC0-301F-11D3-BF4B-00C04F79EFBC}") = "Faura.Infrastructure.GrpcBootstrapper", "Modules\Faura.Infrastructure.GrpcBootstrapper\Faura.Infrastructure.GrpcBootstrapper.csproj", "{AFC92389-71C2-BB14-10A4-CA1B415F02E9}"
EndProject
Project("{FAE04EC0-301F-11D3-BF4B-00C04F79EFBC}") = "Faura.Grpc", "Templates\Faura.Grpc\Faura.Grpc.csproj", "{31D599B8-9C10-410E-9ACD-0F2201C2BD4E}"
EndProject
Project("{FAE04EC0-301F-11D3-BF4B-00C04F79EFBC}") = "Faura.Infrastructure.ApiBootstrapper", "Modules\Faura.Infrastructure.ApiBootstrapper\Faura.Infrastructure.ApiBootstrapper.csproj", "{93D57E51-3F79-19CF-B65F-08600B130F57}"
EndProject
Project("{FAE04EC0-301F-11D3-BF4B-00C04F79EFBC}") = "Faura.Infrastructure.IntegrationTesting", "Modules\Faura.Infrastructure.IntegrationTesting\Faura.Infrastructure.IntegrationTesting.csproj", "{09790598-6AD0-D698-A32D-D9A056BAF8D0}"
EndProject
Project("{2150E333-8FDC-42A3-9474-1A3956D46DE8}") = "SolutionItems", "SolutionItems", "{02EA681E-C7D8-13C7-8484-4AC65E1B71E8}"
	ProjectSection(SolutionItems) = preProject
		.editorconfig = .editorconfig
		..\.gitignore = ..\.gitignore
		Directory.Build.props = Directory.Build.props
		global.json = global.json
		stylecop.json = stylecop.json
	EndProjectSection
EndProject
Project("{2150E333-8FDC-42A3-9474-1A3956D46DE8}") = "WebAPI", "WebAPI", "{F1517752-590B-4773-A4D6-9E670C639523}"
EndProject
Project("{2150E333-8FDC-42A3-9474-1A3956D46DE8}") = "WebAPIGrpc", "WebAPIGrpc", "{F3ABDB5B-F5E0-43DE-898B-4170F6852893}"
EndProject
Project("{FAE04EC0-301F-11D3-BF4B-00C04F79EFBC}") = "Faura.WebAPI.UnitTests", "Templates\Faura.WebAPI.UnitTests\Faura.WebAPI.UnitTests.csproj", "{38B3C54C-1AED-42E7-A510-0734DF5A7B8F}"
EndProject
Project("{FAE04EC0-301F-11D3-BF4B-00C04F79EFBC}") = "Faura.WebAPI.IntegrationTests", "Templates\Faura.WebAPI.IntegrationTests\Faura.WebAPI.IntegrationTests.csproj", "{71A15B05-FF1A-8D1F-0833-4F72927CEC48}"
EndProject
Global
	GlobalSection(SolutionConfigurationPlatforms) = preSolution
		Debug|Any CPU = Debug|Any CPU
		Release|Any CPU = Release|Any CPU
	EndGlobalSection
	GlobalSection(ProjectConfigurationPlatforms) = postSolution
		{F0757E5C-ACCD-44DD-B755-64CAFE654A7A}.Debug|Any CPU.ActiveCfg = Debug|Any CPU
		{F0757E5C-ACCD-44DD-B755-64CAFE654A7A}.Debug|Any CPU.Build.0 = Debug|Any CPU
		{F0757E5C-ACCD-44DD-B755-64CAFE654A7A}.Release|Any CPU.ActiveCfg = Release|Any CPU
		{F0757E5C-ACCD-44DD-B755-64CAFE654A7A}.Release|Any CPU.Build.0 = Release|Any CPU
		{8146A031-8E30-4F0F-940E-F77795C208F8}.Debug|Any CPU.ActiveCfg = Debug|Any CPU
		{8146A031-8E30-4F0F-940E-F77795C208F8}.Debug|Any CPU.Build.0 = Debug|Any CPU
		{8146A031-8E30-4F0F-940E-F77795C208F8}.Release|Any CPU.ActiveCfg = Release|Any CPU
		{8146A031-8E30-4F0F-940E-F77795C208F8}.Release|Any CPU.Build.0 = Release|Any CPU
		{1F34C695-2396-428D-87EF-7D3FDD9BD8C2}.Debug|Any CPU.ActiveCfg = Debug|Any CPU
		{1F34C695-2396-428D-87EF-7D3FDD9BD8C2}.Debug|Any CPU.Build.0 = Debug|Any CPU
		{1F34C695-2396-428D-87EF-7D3FDD9BD8C2}.Release|Any CPU.ActiveCfg = Release|Any CPU
		{1F34C695-2396-428D-87EF-7D3FDD9BD8C2}.Release|Any CPU.Build.0 = Release|Any CPU
		{2B690895-0614-4013-85D8-7FC47B956C26}.Debug|Any CPU.ActiveCfg = Debug|Any CPU
		{2B690895-0614-4013-85D8-7FC47B956C26}.Debug|Any CPU.Build.0 = Debug|Any CPU
		{2B690895-0614-4013-85D8-7FC47B956C26}.Release|Any CPU.ActiveCfg = Release|Any CPU
		{2B690895-0614-4013-85D8-7FC47B956C26}.Release|Any CPU.Build.0 = Release|Any CPU
		{F749C616-5B16-4A0B-9F88-D08BEAA5F27B}.Debug|Any CPU.ActiveCfg = Debug|Any CPU
		{F749C616-5B16-4A0B-9F88-D08BEAA5F27B}.Debug|Any CPU.Build.0 = Debug|Any CPU
		{F749C616-5B16-4A0B-9F88-D08BEAA5F27B}.Release|Any CPU.ActiveCfg = Release|Any CPU
		{F749C616-5B16-4A0B-9F88-D08BEAA5F27B}.Release|Any CPU.Build.0 = Release|Any CPU
		{CE7C267E-97CF-4C7F-A5D0-B8AFC30C6130}.Debug|Any CPU.ActiveCfg = Debug|Any CPU
		{CE7C267E-97CF-4C7F-A5D0-B8AFC30C6130}.Debug|Any CPU.Build.0 = Debug|Any CPU
		{CE7C267E-97CF-4C7F-A5D0-B8AFC30C6130}.Release|Any CPU.ActiveCfg = Release|Any CPU
		{CE7C267E-97CF-4C7F-A5D0-B8AFC30C6130}.Release|Any CPU.Build.0 = Release|Any CPU
		{AFC92389-71C2-BB14-10A4-CA1B415F02E9}.Debug|Any CPU.ActiveCfg = Debug|Any CPU
		{AFC92389-71C2-BB14-10A4-CA1B415F02E9}.Debug|Any CPU.Build.0 = Debug|Any CPU
		{AFC92389-71C2-BB14-10A4-CA1B415F02E9}.Release|Any CPU.ActiveCfg = Release|Any CPU
		{AFC92389-71C2-BB14-10A4-CA1B415F02E9}.Release|Any CPU.Build.0 = Release|Any CPU
		{31D599B8-9C10-410E-9ACD-0F2201C2BD4E}.Debug|Any CPU.ActiveCfg = Debug|Any CPU
		{31D599B8-9C10-410E-9ACD-0F2201C2BD4E}.Debug|Any CPU.Build.0 = Debug|Any CPU
		{31D599B8-9C10-410E-9ACD-0F2201C2BD4E}.Release|Any CPU.ActiveCfg = Release|Any CPU
		{31D599B8-9C10-410E-9ACD-0F2201C2BD4E}.Release|Any CPU.Build.0 = Release|Any CPU
		{93D57E51-3F79-19CF-B65F-08600B130F57}.Debug|Any CPU.ActiveCfg = Debug|Any CPU
		{93D57E51-3F79-19CF-B65F-08600B130F57}.Debug|Any CPU.Build.0 = Debug|Any CPU
		{93D57E51-3F79-19CF-B65F-08600B130F57}.Release|Any CPU.ActiveCfg = Release|Any CPU
		{93D57E51-3F79-19CF-B65F-08600B130F57}.Release|Any CPU.Build.0 = Release|Any CPU
		{09790598-6AD0-D698-A32D-D9A056BAF8D0}.Debug|Any CPU.ActiveCfg = Debug|Any CPU
		{09790598-6AD0-D698-A32D-D9A056BAF8D0}.Debug|Any CPU.Build.0 = Debug|Any CPU
		{09790598-6AD0-D698-A32D-D9A056BAF8D0}.Release|Any CPU.ActiveCfg = Release|Any CPU
		{09790598-6AD0-D698-A32D-D9A056BAF8D0}.Release|Any CPU.Build.0 = Release|Any CPU
		{38B3C54C-1AED-42E7-A510-0734DF5A7B8F}.Debug|Any CPU.ActiveCfg = Debug|Any CPU
		{38B3C54C-1AED-42E7-A510-0734DF5A7B8F}.Debug|Any CPU.Build.0 = Debug|Any CPU
		{38B3C54C-1AED-42E7-A510-0734DF5A7B8F}.Release|Any CPU.ActiveCfg = Release|Any CPU
		{38B3C54C-1AED-42E7-A510-0734DF5A7B8F}.Release|Any CPU.Build.0 = Release|Any CPU
		{71A15B05-FF1A-8D1F-0833-4F72927CEC48}.Debug|Any CPU.ActiveCfg = Debug|Any CPU
		{71A15B05-FF1A-8D1F-0833-4F72927CEC48}.Debug|Any CPU.Build.0 = Debug|Any CPU
		{71A15B05-FF1A-8D1F-0833-4F72927CEC48}.Release|Any CPU.ActiveCfg = Release|Any CPU
		{71A15B05-FF1A-8D1F-0833-4F72927CEC48}.Release|Any CPU.Build.0 = Release|Any CPU
	EndGlobalSection
	GlobalSection(SolutionProperties) = preSolution
		HideSolutionNode = FALSE
	EndGlobalSection
	GlobalSection(NestedProjects) = preSolution
		{F0757E5C-ACCD-44DD-B755-64CAFE654A7A} = {420A3EFF-9247-407D-B58F-EC8144EB14F4}
		{8146A031-8E30-4F0F-940E-F77795C208F8} = {420A3EFF-9247-407D-B58F-EC8144EB14F4}
		{1F34C695-2396-428D-87EF-7D3FDD9BD8C2} = {420A3EFF-9247-407D-B58F-EC8144EB14F4}
		{2B690895-0614-4013-85D8-7FC47B956C26} = {F1517752-590B-4773-A4D6-9E670C639523}
		{F749C616-5B16-4A0B-9F88-D08BEAA5F27B} = {420A3EFF-9247-407D-B58F-EC8144EB14F4}
		{CE7C267E-97CF-4C7F-A5D0-B8AFC30C6130} = {420A3EFF-9247-407D-B58F-EC8144EB14F4}
		{AFC92389-71C2-BB14-10A4-CA1B415F02E9} = {420A3EFF-9247-407D-B58F-EC8144EB14F4}
		{31D599B8-9C10-410E-9ACD-0F2201C2BD4E} = {F3ABDB5B-F5E0-43DE-898B-4170F6852893}
		{93D57E51-3F79-19CF-B65F-08600B130F57} = {420A3EFF-9247-407D-B58F-EC8144EB14F4}
		{09790598-6AD0-D698-A32D-D9A056BAF8D0} = {420A3EFF-9247-407D-B58F-EC8144EB14F4}
		{F1517752-590B-4773-A4D6-9E670C639523} = {0C2B5D2F-B5EE-48E0-ACEE-A064E0232A26}
		{F3ABDB5B-F5E0-43DE-898B-4170F6852893} = {0C2B5D2F-B5EE-48E0-ACEE-A064E0232A26}
		{38B3C54C-1AED-42E7-A510-0734DF5A7B8F} = {F1517752-590B-4773-A4D6-9E670C639523}
		{71A15B05-FF1A-8D1F-0833-4F72927CEC48} = {F1517752-590B-4773-A4D6-9E670C639523}
	EndGlobalSection
	GlobalSection(ExtensibilityGlobals) = postSolution
		SolutionGuid = {7B487365-BA97-49F1-93FD-C12DB361C20B}
	EndGlobalSection
EndGlobal
